
Microsoft Visual Studio Solution File, Format Version 12.00
# Visual Studio Version 17
VisualStudioVersion = 17.10.34928.147
MinimumVisualStudioVersion = 10.0.40219.1
Project("{FAE04EC0-301F-11D3-BF4B-00C04F79EFBC}") = "MovieCatalog.Domain", "MovieCatalog.Domain\MovieCatalog.Domain.csproj", "{3B581870-7B7D-4195-961E-EA4C22AE4317}"
EndProject
Project("{FAE04EC0-301F-11D3-BF4B-00C04F79EFBC}") = "MovieCatalog.Application", "MovieCatalog.Application\MovieCatalog.Application.csproj", "{CEF234DD-28FE-4E2A-BE76-CE901988A289}"
EndProject
Project("{FAE04EC0-301F-11D3-BF4B-00C04F79EFBC}") = "MovieCatalog.Infrastructure", "MovieCatalog.Infrastructure\MovieCatalog.Infrastructure.csproj", "{005557B5-7B2A-4B0B-9E2E-7D4BEB81190E}"
EndProject
Project("{FAE04EC0-301F-11D3-BF4B-00C04F79EFBC}") = "MovieCatalog.Api", "MovieCatalog.Api\MovieCatalog.Api.csproj", "{A4B587BD-C690-4CC6-9947-2CA8B9978234}"
EndProject
Global
	GlobalSection(SolutionConfigurationPlatforms) = preSolution
		Debug|Any CPU = Debug|Any CPU
		Release|Any CPU = Release|Any CPU
	EndGlobalSection
	GlobalSection(ProjectConfigurationPlatforms) = postSolution
		{3B581870-7B7D-4195-961E-EA4C22AE4317}.Debug|Any CPU.ActiveCfg = Debug|Any CPU
		{3B581870-7B7D-4195-961E-EA4C22AE4317}.Debug|Any CPU.Build.0 = Debug|Any CPU
		{3B581870-7B7D-4195-961E-EA4C22AE4317}.Release|Any CPU.ActiveCfg = Release|Any CPU
		{3B581870-7B7D-4195-961E-EA4C22AE4317}.Release|Any CPU.Build.0 = Release|Any CPU
		{CEF234DD-28FE-4E2A-BE76-CE901988A289}.Debug|Any CPU.ActiveCfg = Debug|Any CPU
		{CEF234DD-28FE-4E2A-BE76-CE901988A289}.Debug|Any CPU.Build.0 = Debug|Any CPU
		{CEF234DD-28FE-4E2A-BE76-CE901988A289}.Release|Any CPU.ActiveCfg = Release|Any CPU
		{CEF234DD-28FE-4E2A-BE76-CE901988A289}.Release|Any CPU.Build.0 = Release|Any CPU
		{005557B5-7B2A-4B0B-9E2E-7D4BEB81190E}.Debug|Any CPU.ActiveCfg = Debug|Any CPU
		{005557B5-7B2A-4B0B-9E2E-7D4BEB81190E}.Debug|Any CPU.Build.0 = Debug|Any CPU
		{005557B5-7B2A-4B0B-9E2E-7D4BEB81190E}.Release|Any CPU.ActiveCfg = Release|Any CPU
		{005557B5-7B2A-4B0B-9E2E-7D4BEB81190E}.Release|Any CPU.Build.0 = Release|Any CPU
		{A4B587BD-C690-4CC6-9947-2CA8B9978234}.Debug|Any CPU.ActiveCfg = Debug|Any CPU
		{A4B587BD-C690-4CC6-9947-2CA8B9978234}.Debug|Any CPU.Build.0 = Debug|Any CPU
		{A4B587BD-C690-4CC6-9947-2CA8B9978234}.Release|Any CPU.ActiveCfg = Release|Any CPU
		{A4B587BD-C690-4CC6-9947-2CA8B9978234}.Release|Any CPU.Build.0 = Release|Any CPU
	EndGlobalSection
	GlobalSection(SolutionProperties) = preSolution
		HideSolutionNode = FALSE
	EndGlobalSection
	GlobalSection(ExtensibilityGlobals) = postSolution
		SolutionGuid = {F54C072B-A739-4479-9E85-AF50FBCE4B26}
	EndGlobalSection
EndGlobal
